
Microsoft Visual Studio Solution File, Format Version 12.00
# Visual Studio Version 16
VisualStudioVersion = 16.0.28803.156
MinimumVisualStudioVersion = 10.0.40219.1
Project("{FAE04EC0-301F-11D3-BF4B-00C04F79EFBC}") = "Cloud_homework1", "Cloud_homework1\Cloud_homework1.csproj", "{482A40C2-B1AD-40DF-9BE3-DF0A4E379937}"
EndProject
Global
	GlobalSection(SolutionConfigurationPlatforms) = preSolution
		Debug|Any CPU = Debug|Any CPU
		Release|Any CPU = Release|Any CPU
	EndGlobalSection
	GlobalSection(ProjectConfigurationPlatforms) = postSolution
		{482A40C2-B1AD-40DF-9BE3-DF0A4E379937}.Debug|Any CPU.ActiveCfg = Debug|Any CPU
		{482A40C2-B1AD-40DF-9BE3-DF0A4E379937}.Debug|Any CPU.Build.0 = Debug|Any CPU
		{482A40C2-B1AD-40DF-9BE3-DF0A4E379937}.Release|Any CPU.ActiveCfg = Release|Any CPU
		{482A40C2-B1AD-40DF-9BE3-DF0A4E379937}.Release|Any CPU.Build.0 = Release|Any CPU
	EndGlobalSection
	GlobalSection(SolutionProperties) = preSolution
		HideSolutionNode = FALSE
	EndGlobalSection
	GlobalSection(ExtensibilityGlobals) = postSolution
		SolutionGuid = {D3F0B874-67F1-4B9A-9C5E-46FE9D101B72}
	EndGlobalSection
EndGlobal
